
Microsoft Visual Studio Solution File, Format Version 12.00
# Visual Studio Version 17
VisualStudioVersion = 17.10.35013.160
MinimumVisualStudioVersion = 10.0.40219.1
Project("{8BC9CEB8-8B4A-11D0-8D11-00A0C91BC942}") = "One-dimensional Array", "One-dimensional Array\One-dimensional Array.vcxproj", "{FCF09937-3E86-494F-8141-CF46C24AD6B2}"
EndProject
Project("{8BC9CEB8-8B4A-11D0-8D11-00A0C91BC942}") = "String", "String\String.vcxproj", "{1F67A72D-DF11-4C47-973B-B5B008B56519}"
EndProject
Project("{8BC9CEB8-8B4A-11D0-8D11-00A0C91BC942}") = "Advanced1", "Advanced1\Advanced1.vcxproj", "{1410BBAF-9F46-439E-9902-FD36069CA75B}"
EndProject
Project("{8BC9CEB8-8B4A-11D0-8D11-00A0C91BC942}") = "Two-dimensional Array", "Two-dimensional Array\Two-dimensional Array.vcxproj", "{E847DBF9-ACE5-4537-AE53-9B1E1012C8A6}"
EndProject
Project("{8BC9CEB8-8B4A-11D0-8D11-00A0C91BC942}") = "General Mathematics 1", "General Mathematics 1\General Mathematics 1.vcxproj", "{EB9D82DB-6359-4712-875D-B41E34A5EC04}"
EndProject
Project("{8BC9CEB8-8B4A-11D0-8D11-00A0C91BC942}") = "Divisors Multiples Prime Numbers", "Divisors Multiples Prime Numbers\Divisors Multiples Prime Numbers.vcxproj", "{B55F8296-3E20-4E31-ABE2-6496F5FCD000}"
EndProject
Global
	GlobalSection(SolutionConfigurationPlatforms) = preSolution
		Debug|x64 = Debug|x64
		Debug|x86 = Debug|x86
		Release|x64 = Release|x64
		Release|x86 = Release|x86
	EndGlobalSection
	GlobalSection(ProjectConfigurationPlatforms) = postSolution
		{FCF09937-3E86-494F-8141-CF46C24AD6B2}.Debug|x64.ActiveCfg = Debug|x64
		{FCF09937-3E86-494F-8141-CF46C24AD6B2}.Debug|x64.Build.0 = Debug|x64
		{FCF09937-3E86-494F-8141-CF46C24AD6B2}.Debug|x86.ActiveCfg = Debug|Win32
		{FCF09937-3E86-494F-8141-CF46C24AD6B2}.Debug|x86.Build.0 = Debug|Win32
		{FCF09937-3E86-494F-8141-CF46C24AD6B2}.Release|x64.ActiveCfg = Release|x64
		{FCF09937-3E86-494F-8141-CF46C24AD6B2}.Release|x64.Build.0 = Release|x64
		{FCF09937-3E86-494F-8141-CF46C24AD6B2}.Release|x86.ActiveCfg = Release|Win32
		{FCF09937-3E86-494F-8141-CF46C24AD6B2}.Release|x86.Build.0 = Release|Win32
		{1F67A72D-DF11-4C47-973B-B5B008B56519}.Debug|x64.ActiveCfg = Debug|x64
		{1F67A72D-DF11-4C47-973B-B5B008B56519}.Debug|x64.Build.0 = Debug|x64
		{1F67A72D-DF11-4C47-973B-B5B008B56519}.Debug|x86.ActiveCfg = Debug|Win32
		{1F67A72D-DF11-4C47-973B-B5B008B56519}.Debug|x86.Build.0 = Debug|Win32
		{1F67A72D-DF11-4C47-973B-B5B008B56519}.Release|x64.ActiveCfg = Release|x64
		{1F67A72D-DF11-4C47-973B-B5B008B56519}.Release|x64.Build.0 = Release|x64
		{1F67A72D-DF11-4C47-973B-B5B008B56519}.Release|x86.ActiveCfg = Release|Win32
		{1F67A72D-DF11-4C47-973B-B5B008B56519}.Release|x86.Build.0 = Release|Win32
		{1410BBAF-9F46-439E-9902-FD36069CA75B}.Debug|x64.ActiveCfg = Debug|x64
		{1410BBAF-9F46-439E-9902-FD36069CA75B}.Debug|x64.Build.0 = Debug|x64
		{1410BBAF-9F46-439E-9902-FD36069CA75B}.Debug|x86.ActiveCfg = Debug|Win32
		{1410BBAF-9F46-439E-9902-FD36069CA75B}.Debug|x86.Build.0 = Debug|Win32
		{1410BBAF-9F46-439E-9902-FD36069CA75B}.Release|x64.ActiveCfg = Release|x64
		{1410BBAF-9F46-439E-9902-FD36069CA75B}.Release|x64.Build.0 = Release|x64
		{1410BBAF-9F46-439E-9902-FD36069CA75B}.Release|x86.ActiveCfg = Release|Win32
		{1410BBAF-9F46-439E-9902-FD36069CA75B}.Release|x86.Build.0 = Release|Win32
		{E847DBF9-ACE5-4537-AE53-9B1E1012C8A6}.Debug|x64.ActiveCfg = Debug|x64
		{E847DBF9-ACE5-4537-AE53-9B1E1012C8A6}.Debug|x64.Build.0 = Debug|x64
		{E847DBF9-ACE5-4537-AE53-9B1E1012C8A6}.Debug|x86.ActiveCfg = Debug|Win32
		{E847DBF9-ACE5-4537-AE53-9B1E1012C8A6}.Debug|x86.Build.0 = Debug|Win32
		{E847DBF9-ACE5-4537-AE53-9B1E1012C8A6}.Release|x64.ActiveCfg = Release|x64
		{E847DBF9-ACE5-4537-AE53-9B1E1012C8A6}.Release|x64.Build.0 = Release|x64
		{E847DBF9-ACE5-4537-AE53-9B1E1012C8A6}.Release|x86.ActiveCfg = Release|Win32
		{E847DBF9-ACE5-4537-AE53-9B1E1012C8A6}.Release|x86.Build.0 = Release|Win32
		{EB9D82DB-6359-4712-875D-B41E34A5EC04}.Debug|x64.ActiveCfg = Debug|x64
		{EB9D82DB-6359-4712-875D-B41E34A5EC04}.Debug|x64.Build.0 = Debug|x64
		{EB9D82DB-6359-4712-875D-B41E34A5EC04}.Debug|x86.ActiveCfg = Debug|Win32
		{EB9D82DB-6359-4712-875D-B41E34A5EC04}.Debug|x86.Build.0 = Debug|Win32
		{EB9D82DB-6359-4712-875D-B41E34A5EC04}.Release|x64.ActiveCfg = Release|x64
		{EB9D82DB-6359-4712-875D-B41E34A5EC04}.Release|x64.Build.0 = Release|x64
		{EB9D82DB-6359-4712-875D-B41E34A5EC04}.Release|x86.ActiveCfg = Release|Win32
		{EB9D82DB-6359-4712-875D-B41E34A5EC04}.Release|x86.Build.0 = Release|Win32
		{B55F8296-3E20-4E31-ABE2-6496F5FCD000}.Debug|x64.ActiveCfg = Debug|x64
		{B55F8296-3E20-4E31-ABE2-6496F5FCD000}.Debug|x64.Build.0 = Debug|x64
		{B55F8296-3E20-4E31-ABE2-6496F5FCD000}.Debug|x86.ActiveCfg = Debug|Win32
		{B55F8296-3E20-4E31-ABE2-6496F5FCD000}.Debug|x86.Build.0 = Debug|Win32
		{B55F8296-3E20-4E31-ABE2-6496F5FCD000}.Release|x64.ActiveCfg = Release|x64
		{B55F8296-3E20-4E31-ABE2-6496F5FCD000}.Release|x64.Build.0 = Release|x64
		{B55F8296-3E20-4E31-ABE2-6496F5FCD000}.Release|x86.ActiveCfg = Release|Win32
		{B55F8296-3E20-4E31-ABE2-6496F5FCD000}.Release|x86.Build.0 = Release|Win32
	EndGlobalSection
	GlobalSection(SolutionProperties) = preSolution
		HideSolutionNode = FALSE
	EndGlobalSection
	GlobalSection(ExtensibilityGlobals) = postSolution
		SolutionGuid = {004943BA-8290-4582-B64C-9451B02F2CC3}
	EndGlobalSection
EndGlobal
